{
  "version": "3",
  "packages": {
    "specifiers": {
      "jsr:@std/cli": "jsr:@std/cli@0.224.7",
      "jsr:@std/csv": "jsr:@std/csv@0.224.3",
      "jsr:@std/path": "jsr:@std/path@1.0.0",
      "jsr:@std/streams@^0.224.4": "jsr:@std/streams@0.224.5"
    },
    "jsr": {
      "@std/cli@0.224.7": {
        "integrity": "654ca6477518e5e3a0d3fabafb2789e92b8c0febf1a1d24ba4b567aba94b5977"
      },
      "@std/csv@0.224.3": {
        "integrity": "cf9cb88954a029b9997a613f67771d39b4d1602c8ea1a289328c89b48460fae3",
        "dependencies": [
          "jsr:@std/streams@^0.224.4"
        ]
      },
      "@std/path@1.0.0": {
        "integrity": "77fcb858b6e38777d1154df0f02245ba0b07e2c40ca3c0eec57c9233188c2d21"
      },
      "@std/streams@0.224.5": {
        "integrity": "bcde7818dd5460d474cdbd674b15f6638b9cd73cd64e52bd852fba2bd4d8ec91"
      }
    }
  },
  "remote": {}
}
